
Microsoft Visual Studio Solution File, Format Version 9.00
# Visual Studio 2005
Project("{FAE04EC0-301F-11D3-BF4B-00C04F79EFBC}") = "利用BackgroundSWorker组件处理多线程", "利用BackgroundSWorker组件处理多线程\利用BackgroundSWorker组件处理多线程.csproj", "{C988F100-6C71-4DA0-A60D-30FA9C765A8B}"
EndProject
Global
	GlobalSection(SolutionConfigurationPlatforms) = preSolution
		Debug|Any CPU = Debug|Any CPU
		Release|Any CPU = Release|Any CPU
	EndGlobalSection
	GlobalSection(ProjectConfigurationPlatforms) = postSolution
		{C988F100-6C71-4DA0-A60D-30FA9C765A8B}.Debug|Any CPU.ActiveCfg = Debug|Any CPU
		{C988F100-6C71-4DA0-A60D-30FA9C765A8B}.Debug|Any CPU.Build.0 = Debug|Any CPU
		{C988F100-6C71-4DA0-A60D-30FA9C765A8B}.Release|Any CPU.ActiveCfg = Release|Any CPU
		{C988F100-6C71-4DA0-A60D-30FA9C765A8B}.Release|Any CPU.Build.0 = Release|Any CPU
	EndGlobalSection
	GlobalSection(SolutionProperties) = preSolution
		HideSolutionNode = FALSE
	EndGlobalSection
EndGlobal
